// !$*UTF8*$!
{
	archiveVersion = 1;
	classes = {
	};
	objectVersion = 46;
	objects = {

/* Begin PBXBuildFile section */
		7705EDC71E20F23E008CDF67 /* ContactDetailsViewCell.swift in Sources */ = {isa = PBXBuildFile; fileRef = 7705EDC61E20F23E008CDF67 /* ContactDetailsViewCell.swift */; };
		774113A41E16AE3700DCAC6D /* ContactData.swift in Sources */ = {isa = PBXBuildFile; fileRef = 774113A31E16AE3700DCAC6D /* ContactData.swift */; };
		775A97711DD87BB50027C0F5 /* AppDelegate.swift in Sources */ = {isa = PBXBuildFile; fileRef = 775A97701DD87BB50027C0F5 /* AppDelegate.swift */; };
		775A97731DD87BB50027C0F5 /* ViewController.swift in Sources */ = {isa = PBXBuildFile; fileRef = 775A97721DD87BB50027C0F5 /* ViewController.swift */; };
		775A97761DD87BB50027C0F5 /* Main.storyboard in Resources */ = {isa = PBXBuildFile; fileRef = 775A97741DD87BB50027C0F5 /* Main.storyboard */; };
		775A97781DD87BB50027C0F5 /* Assets.xcassets in Resources */ = {isa = PBXBuildFile; fileRef = 775A97771DD87BB50027C0F5 /* Assets.xcassets */; };
		775A977B1DD87BB50027C0F5 /* LaunchScreen.storyboard in Resources */ = {isa = PBXBuildFile; fileRef = 775A97791DD87BB50027C0F5 /* LaunchScreen.storyboard */; };
		777E62461DE1A0B200840242 /* LoginViewController.swift in Sources */ = {isa = PBXBuildFile; fileRef = 777E62451DE1A0B200840242 /* LoginViewController.swift */; };
		777E62481DE1D13900840242 /* SignUpViewController.swift in Sources */ = {isa = PBXBuildFile; fileRef = 777E62471DE1D13900840242 /* SignUpViewController.swift */; };
		777E624A1DE1DE6B00840242 /* ForgotPswdViewController.swift in Sources */ = {isa = PBXBuildFile; fileRef = 777E62491DE1DE6B00840242 /* ForgotPswdViewController.swift */; };
		77B3EBA51E1E59C10090C6F5 /* ContactListViewController.swift in Sources */ = {isa = PBXBuildFile; fileRef = 77B3EBA41E1E59C10090C6F5 /* ContactListViewController.swift */; };
		77B3EBA71E1E61FB0090C6F5 /* ContactViewCell.swift in Sources */ = {isa = PBXBuildFile; fileRef = 77B3EBA61E1E61FB0090C6F5 /* ContactViewCell.swift */; };
		77B63B2C1DE0826400127E96 /* PageContentViewController.swift in Sources */ = {isa = PBXBuildFile; fileRef = 77B63B2B1DE0826400127E96 /* PageContentViewController.swift */; };
		77E913161E203C1E004EB3D8 /* ContactDetailsViewController.swift in Sources */ = {isa = PBXBuildFile; fileRef = 77E913151E203C1E004EB3D8 /* ContactDetailsViewController.swift */; };
/* End PBXBuildFile section */

/* Begin PBXFileReference section */
		7705EDC61E20F23E008CDF67 /* ContactDetailsViewCell.swift */ = {isa = PBXFileReference; fileEncoding = 4; lastKnownFileType = sourcecode.swift; path = ContactDetailsViewCell.swift; sourceTree = "<group>"; };
		774113A31E16AE3700DCAC6D /* ContactData.swift */ = {isa = PBXFileReference; fileEncoding = 4; lastKnownFileType = sourcecode.swift; path = ContactData.swift; sourceTree = "<group>"; };
		775A976D1DD87BB50027C0F5 /* WaveTalk.app */ = {isa = PBXFileReference; explicitFileType = wrapper.application; includeInIndex = 0; path = WaveTalk.app; sourceTree = BUILT_PRODUCTS_DIR; };
		775A97701DD87BB50027C0F5 /* AppDelegate.swift */ = {isa = PBXFileReference; lastKnownFileType = sourcecode.swift; path = AppDelegate.swift; sourceTree = "<group>"; };
		775A97721DD87BB50027C0F5 /* ViewController.swift */ = {isa = PBXFileReference; lastKnownFileType = sourcecode.swift; path = ViewController.swift; sourceTree = "<group>"; };
		775A97751DD87BB50027C0F5 /* Base */ = {isa = PBXFileReference; lastKnownFileType = file.storyboard; name = Base; path = Base.lproj/Main.storyboard; sourceTree = "<group>"; };
		775A97771DD87BB50027C0F5 /* Assets.xcassets */ = {isa = PBXFileReference; lastKnownFileType = folder.assetcatalog; path = Assets.xcassets; sourceTree = "<group>"; };
		775A977A1DD87BB50027C0F5 /* Base */ = {isa = PBXFileReference; lastKnownFileType = file.storyboard; name = Base; path = Base.lproj/LaunchScreen.storyboard; sourceTree = "<group>"; };
		775A977C1DD87BB50027C0F5 /* Info.plist */ = {isa = PBXFileReference; lastKnownFileType = text.plist.xml; path = Info.plist; sourceTree = "<group>"; };
		776F91B31DFD69A800B6AB1D /* en */ = {isa = PBXFileReference; lastKnownFileType = text.plist.strings; name = en; path = en.lproj/Main.strings; sourceTree = "<group>"; };
		777E62451DE1A0B200840242 /* LoginViewController.swift */ = {isa = PBXFileReference; fileEncoding = 4; lastKnownFileType = sourcecode.swift; path = LoginViewController.swift; sourceTree = "<group>"; };
		777E62471DE1D13900840242 /* SignUpViewController.swift */ = {isa = PBXFileReference; fileEncoding = 4; lastKnownFileType = sourcecode.swift; path = SignUpViewController.swift; sourceTree = "<group>"; };
		777E62491DE1DE6B00840242 /* ForgotPswdViewController.swift */ = {isa = PBXFileReference; fileEncoding = 4; lastKnownFileType = sourcecode.swift; path = ForgotPswdViewController.swift; sourceTree = "<group>"; };
		77B3EBA41E1E59C10090C6F5 /* ContactListViewController.swift */ = {isa = PBXFileReference; fileEncoding = 4; lastKnownFileType = sourcecode.swift; path = ContactListViewController.swift; sourceTree = "<group>"; };
		77B3EBA61E1E61FB0090C6F5 /* ContactViewCell.swift */ = {isa = PBXFileReference; fileEncoding = 4; lastKnownFileType = sourcecode.swift; path = ContactViewCell.swift; sourceTree = "<group>"; };
		77B63B2B1DE0826400127E96 /* PageContentViewController.swift */ = {isa = PBXFileReference; fileEncoding = 4; lastKnownFileType = sourcecode.swift; path = PageContentViewController.swift; sourceTree = "<group>"; };
		77E913151E203C1E004EB3D8 /* ContactDetailsViewController.swift */ = {isa = PBXFileReference; fileEncoding = 4; lastKnownFileType = sourcecode.swift; path = ContactDetailsViewController.swift; sourceTree = "<group>"; };
/* End PBXFileReference section */

/* Begin PBXFrameworksBuildPhase section */
		775A976A1DD87BB40027C0F5 /* Frameworks */ = {
			isa = PBXFrameworksBuildPhase;
			buildActionMask = 2147483647;
			files = (
			);
			runOnlyForDeploymentPostprocessing = 0;
		};
/* End PBXFrameworksBuildPhase section */

/* Begin PBXGroup section */
		775A97641DD87BB40027C0F5 = {
			isa = PBXGroup;
			children = (
				775A976F1DD87BB50027C0F5 /* WaveTalk */,
				775A976E1DD87BB50027C0F5 /* Products */,
			);
			sourceTree = "<group>";
		};
		775A976E1DD87BB50027C0F5 /* Products */ = {
			isa = PBXGroup;
			children = (
				775A976D1DD87BB50027C0F5 /* WaveTalk.app */,
			);
			name = Products;
			sourceTree = "<group>";
		};
		775A976F1DD87BB50027C0F5 /* WaveTalk */ = {
			isa = PBXGroup;
			children = (
				775A97701DD87BB50027C0F5 /* AppDelegate.swift */,
				775A97721DD87BB50027C0F5 /* ViewController.swift */,
				775A97741DD87BB50027C0F5 /* Main.storyboard */,
				7705EDC61E20F23E008CDF67 /* ContactDetailsViewCell.swift */,
				77E913151E203C1E004EB3D8 /* ContactDetailsViewController.swift */,
				77B3EBA61E1E61FB0090C6F5 /* ContactViewCell.swift */,
				77B3EBA41E1E59C10090C6F5 /* ContactListViewController.swift */,
				774113A31E16AE3700DCAC6D /* ContactData.swift */,
				777E62491DE1DE6B00840242 /* ForgotPswdViewController.swift */,
				777E62471DE1D13900840242 /* SignUpViewController.swift */,
				777E62451DE1A0B200840242 /* LoginViewController.swift */,
				77B63B2B1DE0826400127E96 /* PageContentViewController.swift */,
				775A97771DD87BB50027C0F5 /* Assets.xcassets */,
				775A97791DD87BB50027C0F5 /* LaunchScreen.storyboard */,
				775A977C1DD87BB50027C0F5 /* Info.plist */,
			);
			path = WaveTalk;
			sourceTree = "<group>";
		};
/* End PBXGroup section */

/* Begin PBXNativeTarget section */
		775A976C1DD87BB40027C0F5 /* WaveTalk */ = {
			isa = PBXNativeTarget;
			buildConfigurationList = 775A977F1DD87BB50027C0F5 /* Build configuration list for PBXNativeTarget "WaveTalk" */;
			buildPhases = (
				775A97691DD87BB40027C0F5 /* Sources */,
				775A976A1DD87BB40027C0F5 /* Frameworks */,
				775A976B1DD87BB40027C0F5 /* Resources */,
			);
			buildRules = (
			);
			dependencies = (
			);
			name = WaveTalk;
			productName = WaveTalk;
			productReference = 775A976D1DD87BB50027C0F5 /* WaveTalk.app */;
			productType = "com.apple.product-type.application";
		};
/* End PBXNativeTarget section */

/* Begin PBXProject section */
		775A97651DD87BB40027C0F5 /* Project object */ = {
			isa = PBXProject;
			attributes = {
				LastSwiftUpdateCheck = 0810;
				LastUpgradeCheck = 0810;
				ORGANIZATIONNAME = "Anton Makarov";
				TargetAttributes = {
					775A976C1DD87BB40027C0F5 = {
						CreatedOnToolsVersion = 8.1;
						ProvisioningStyle = Automatic;
					};
				};
			};
			buildConfigurationList = 775A97681DD87BB40027C0F5 /* Build configuration list for PBXProject "WaveTalk" */;
			compatibilityVersion = "Xcode 3.2";
			developmentRegion = English;
			hasScannedForEncodings = 0;
			knownRegions = (
				en,
				Base,
			);
			mainGroup = 775A97641DD87BB40027C0F5;
			productRefGroup = 775A976E1DD87BB50027C0F5 /* Products */;
			projectDirPath = "";
			projectRoot = "";
			targets = (
				775A976C1DD87BB40027C0F5 /* WaveTalk */,
			);
		};
/* End PBXProject section */

/* Begin PBXResourcesBuildPhase section */
		775A976B1DD87BB40027C0F5 /* Resources */ = {
			isa = PBXResourcesBuildPhase;
			buildActionMask = 2147483647;
			files = (
				775A977B1DD87BB50027C0F5 /* LaunchScreen.storyboard in Resources */,
				775A97781DD87BB50027C0F5 /* Assets.xcassets in Resources */,
				775A97761DD87BB50027C0F5 /* Main.storyboard in Resources */,
			);
			runOnlyForDeploymentPostprocessing = 0;
		};
/* End PBXResourcesBuildPhase section */

/* Begin PBXSourcesBuildPhase section */
		775A97691DD87BB40027C0F5 /* Sources */ = {
			isa = PBXSourcesBuildPhase;
			buildActionMask = 2147483647;
			files = (
				77E913161E203C1E004EB3D8 /* ContactDetailsViewController.swift in Sources */,
				7705EDC71E20F23E008CDF67 /* ContactDetailsViewCell.swift in Sources */,
				777E62461DE1A0B200840242 /* LoginViewController.swift in Sources */,
				77B3EBA51E1E59C10090C6F5 /* ContactListViewController.swift in Sources */,
				777E624A1DE1DE6B00840242 /* ForgotPswdViewController.swift in Sources */,
				77B63B2C1DE0826400127E96 /* PageContentViewController.swift in Sources */,
				774113A41E16AE3700DCAC6D /* ContactData.swift in Sources */,
				77B3EBA71E1E61FB0090C6F5 /* ContactViewCell.swift in Sources */,
				775A97731DD87BB50027C0F5 /* ViewController.swift in Sources */,
				775A97711DD87BB50027C0F5 /* AppDelegate.swift in Sources */,
				777E62481DE1D13900840242 /* SignUpViewController.swift in Sources */,
			);
			runOnlyForDeploymentPostprocessing = 0;
		};
/* End PBXSourcesBuildPhase section */

/* Begin PBXVariantGroup section */
		775A97741DD87BB50027C0F5 /* Main.storyboard */ = {
			isa = PBXVariantGroup;
			children = (
				775A97751DD87BB50027C0F5 /* Base */,
				776F91B31DFD69A800B6AB1D /* en */,
			);
			name = Main.storyboard;
			sourceTree = "<group>";
		};
		775A97791DD87BB50027C0F5 /* LaunchScreen.storyboard */ = {
			isa = PBXVariantGroup;
			children = (
				775A977A1DD87BB50027C0F5 /* Base */,
			);
			name = LaunchScreen.storyboard;
			sourceTree = "<group>";
		};
/* End PBXVariantGroup section */

/* Begin XCBuildConfiguration section */
		775A977D1DD87BB50027C0F5 /* Debug */ = {
			isa = XCBuildConfiguration;
			buildSettings = {
				ALWAYS_SEARCH_USER_PATHS = NO;
				CLANG_ANALYZER_NONNULL = YES;
				CLANG_CXX_LANGUAGE_STANDARD = "gnu++0x";
				CLANG_CXX_LIBRARY = "libc++";
				CLANG_ENABLE_MODULES = YES;
				CLANG_ENABLE_OBJC_ARC = YES;
				CLANG_WARN_BOOL_CONVERSION = YES;
				CLANG_WARN_CONSTANT_CONVERSION = YES;
				CLANG_WARN_DIRECT_OBJC_ISA_USAGE = YES_ERROR;
				CLANG_WARN_DOCUMENTATION_COMMENTS = YES;
				CLANG_WARN_EMPTY_BODY = YES;
				CLANG_WARN_ENUM_CONVERSION = YES;
				CLANG_WARN_INFINITE_RECURSION = YES;
				CLANG_WARN_INT_CONVERSION = YES;
				CLANG_WARN_OBJC_ROOT_CLASS = YES_ERROR;
				CLANG_WARN_SUSPICIOUS_MOVES = YES;
				CLANG_WARN_UNREACHABLE_CODE = YES;
				CLANG_WARN__DUPLICATE_METHOD_MATCH = YES;
				"CODE_SIGN_IDENTITY[sdk=iphoneos*]" = "iPhone Developer";
				COPY_PHASE_STRIP = NO;
				DEBUG_INFORMATION_FORMAT = dwarf;
				ENABLE_STRICT_OBJC_MSGSEND = YES;
				ENABLE_TESTABILITY = YES;
				GCC_C_LANGUAGE_STANDARD = gnu99;
				GCC_DYNAMIC_NO_PIC = NO;
				GCC_NO_COMMON_BLOCKS = YES;
				GCC_OPTIMIZATION_LEVEL = 0;
				GCC_PREPROCESSOR_DEFINITIONS = (
					"DEBUG=1",
					"$(inherited)",
				);
				GCC_WARN_64_TO_32_BIT_CONVERSION = YES;
				GCC_WARN_ABOUT_RETURN_TYPE = YES_ERROR;
				GCC_WARN_UNDECLARED_SELECTOR = YES;
				GCC_WARN_UNINITIALIZED_AUTOS = YES_AGGRESSIVE;
				GCC_WARN_UNUSED_FUNCTION = YES;
				GCC_WARN_UNUSED_VARIABLE = YES;
				IPHONEOS_DEPLOYMENT_TARGET = 10.1;
				MTL_ENABLE_DEBUG_INFO = YES;
				ONLY_ACTIVE_ARCH = YES;
				SDKROOT = iphoneos;
				SWIFT_ACTIVE_COMPILATION_CONDITIONS = DEBUG;
				SWIFT_OPTIMIZATION_LEVEL = "-Onone";
			};
			name = Debug;
		};
		775A977E1DD87BB50027C0F5 /* Release */ = {
			isa = XCBuildConfiguration;
			buildSettings = {
				ALWAYS_SEARCH_USER_PATHS = NO;
				CLANG_ANALYZER_NONNULL = YES;
				CLANG_CXX_LANGUAGE_STANDARD = "gnu++0x";
				CLANG_CXX_LIBRARY = "libc++";
				CLANG_ENABLE_MODULES = YES;
				CLANG_ENABLE_OBJC_ARC = YES;
				CLANG_WARN_BOOL_CONVERSION = YES;
				CLANG_WARN_CONSTANT_CONVERSION = YES;
				CLANG_WARN_DIRECT_OBJC_ISA_USAGE = YES_ERROR;
				CLANG_WARN_DOCUMENTATION_COMMENTS = YES;
				CLANG_WARN_EMPTY_BODY = YES;
				CLANG_WARN_ENUM_CONVERSION = YES;
				CLANG_WARN_INFINITE_RECURSION = YES;
				CLANG_WARN_INT_CONVERSION = YES;
				CLANG_WARN_OBJC_ROOT_CLASS = YES_ERROR;
				CLANG_WARN_SUSPICIOUS_MOVES = YES;
				CLANG_WARN_UNREACHABLE_CODE = YES;
				CLANG_WARN__DUPLICATE_METHOD_MATCH = YES;
				"CODE_SIGN_IDENTITY[sdk=iphoneos*]" = "iPhone Developer";
				COPY_PHASE_STRIP = NO;
				DEBUG_INFORMATION_FORMAT = "dwarf-with-dsym";
				ENABLE_NS_ASSERTIONS = NO;
				ENABLE_STRICT_OBJC_MSGSEND = YES;
				GCC_C_LANGUAGE_STANDARD = gnu99;
				GCC_NO_COMMON_BLOCKS = YES;
				GCC_WARN_64_TO_32_BIT_CONVERSION = YES;
				GCC_WARN_ABOUT_RETURN_TYPE = YES_ERROR;
				GCC_WARN_UNDECLARED_SELECTOR = YES;
				GCC_WARN_UNINITIALIZED_AUTOS = YES_AGGRESSIVE;
				GCC_WARN_UNUSED_FUNCTION = YES;
				GCC_WARN_UNUSED_VARIABLE = YES;
				IPHONEOS_DEPLOYMENT_TARGET = 10.1;
				MTL_ENABLE_DEBUG_INFO = NO;
				SDKROOT = iphoneos;
				SWIFT_OPTIMIZATION_LEVEL = "-Owholemodule";
				VALIDATE_PRODUCT = YES;
			};
			name = Release;
		};
		775A97801DD87BB50027C0F5 /* Debug */ = {
			isa = XCBuildConfiguration;
			buildSettings = {
				ASSETCATALOG_COMPILER_APPICON_NAME = AppIcon;
				INFOPLIST_FILE = WaveTalk/Info.plist;
				LD_RUNPATH_SEARCH_PATHS = "$(inherited) @executable_path/Frameworks";
				PRODUCT_BUNDLE_IDENTIFIER = ITMak.WaveTalk;
				PRODUCT_NAME = "$(TARGET_NAME)";
				SWIFT_VERSION = 3.0;
			};
			name = Debug;
		};
		775A97811DD87BB50027C0F5 /* Release */ = {
			isa = XCBuildConfiguration;
			buildSettings = {
				ASSETCATALOG_COMPILER_APPICON_NAME = AppIcon;
				INFOPLIST_FILE = WaveTalk/Info.plist;
				LD_RUNPATH_SEARCH_PATHS = "$(inherited) @executable_path/Frameworks";
				PRODUCT_BUNDLE_IDENTIFIER = ITMak.WaveTalk;
				PRODUCT_NAME = "$(TARGET_NAME)";
				SWIFT_VERSION = 3.0;
			};
			name = Release;
		};
/* End XCBuildConfiguration section */

/* Begin XCConfigurationList section */
		775A97681DD87BB40027C0F5 /* Build configuration list for PBXProject "WaveTalk" */ = {
			isa = XCConfigurationList;
			buildConfigurations = (
				775A977D1DD87BB50027C0F5 /* Debug */,
				775A977E1DD87BB50027C0F5 /* Release */,
			);
			defaultConfigurationIsVisible = 0;
			defaultConfigurationName = Release;
		};
		775A977F1DD87BB50027C0F5 /* Build configuration list for PBXNativeTarget "WaveTalk" */ = {
			isa = XCConfigurationList;
			buildConfigurations = (
				775A97801DD87BB50027C0F5 /* Debug */,
				775A97811DD87BB50027C0F5 /* Release */,
			);
			defaultConfigurationIsVisible = 0;
			defaultConfigurationName = Release;
		};
/* End XCConfigurationList section */
	};
	rootObject = 775A97651DD87BB40027C0F5 /* Project object */;
}
