// !$*UTF8*$!
{
	archiveVersion = 1;
	classes = {
	};
	objectVersion = 46;
	objects = {

/* Begin PBXBuildFile section */
		7705EDC91E21402C008CDF67 /* ContactDetailsViewController.swift in Sources */ = {isa = PBXBuildFile; fileRef = 7705EDC81E21402C008CDF67 /* ContactDetailsViewController.swift */; };
		771E12D21E23A9450084417A /* GoogleService-Info.plist in Resources */ = {isa = PBXBuildFile; fileRef = 771E12D11E23A9450084417A /* GoogleService-Info.plist */; };
		771E12DA1E2502050084417A /* SettingsListViewController.swift in Sources */ = {isa = PBXBuildFile; fileRef = 771E12D91E2502050084417A /* SettingsListViewController.swift */; };
		771E12DC1E250A7F0084417A /* SettingsViewCell.swift in Sources */ = {isa = PBXBuildFile; fileRef = 771E12DB1E250A7F0084417A /* SettingsViewCell.swift */; };
		77310E1C1E2FAFCD00F67DDF /* ProfileSettingsViewController.swift in Sources */ = {isa = PBXBuildFile; fileRef = 77310E1B1E2FAFCD00F67DDF /* ProfileSettingsViewController.swift */; };
		774113A41E16AE3700DCAC6D /* ContactData.swift in Sources */ = {isa = PBXBuildFile; fileRef = 774113A31E16AE3700DCAC6D /* ContactData.swift */; };
		77560DEC1E3C8A7700C5BD87 /* Extensions.swift in Sources */ = {isa = PBXBuildFile; fileRef = 77560DEB1E3C8A7700C5BD87 /* Extensions.swift */; };
		775A97711DD87BB50027C0F5 /* AppDelegate.swift in Sources */ = {isa = PBXBuildFile; fileRef = 775A97701DD87BB50027C0F5 /* AppDelegate.swift */; };
		775A97731DD87BB50027C0F5 /* ViewController.swift in Sources */ = {isa = PBXBuildFile; fileRef = 775A97721DD87BB50027C0F5 /* ViewController.swift */; };
		775A97761DD87BB50027C0F5 /* Main.storyboard in Resources */ = {isa = PBXBuildFile; fileRef = 775A97741DD87BB50027C0F5 /* Main.storyboard */; };
		775A977B1DD87BB50027C0F5 /* LaunchScreen.storyboard in Resources */ = {isa = PBXBuildFile; fileRef = 775A97791DD87BB50027C0F5 /* LaunchScreen.storyboard */; };
		7763E5271E34E7DF00F36193 /* SaveSettingsProtocol.swift in Sources */ = {isa = PBXBuildFile; fileRef = 7763E5261E34E7DF00F36193 /* SaveSettingsProtocol.swift */; };
		7774E2661E29085B00E0C1BA /* ChattingViewController.swift in Sources */ = {isa = PBXBuildFile; fileRef = 7774E2651E29085B00E0C1BA /* ChattingViewController.swift */; };
		777E62461DE1A0B200840242 /* LoginViewController.swift in Sources */ = {isa = PBXBuildFile; fileRef = 777E62451DE1A0B200840242 /* LoginViewController.swift */; };
		777E62481DE1D13900840242 /* RegistrationViewController.swift in Sources */ = {isa = PBXBuildFile; fileRef = 777E62471DE1D13900840242 /* RegistrationViewController.swift */; };
		777E624A1DE1DE6B00840242 /* ForgotPswdViewController.swift in Sources */ = {isa = PBXBuildFile; fileRef = 777E62491DE1DE6B00840242 /* ForgotPswdViewController.swift */; };
		77A4E3DD1E508DF900F8AD50 /* AddContactViewController.swift in Sources */ = {isa = PBXBuildFile; fileRef = 77A4E3DC1E508DF900F8AD50 /* AddContactViewController.swift */; };
		77A4E3DF1E50EDFA00F8AD50 /* MainUserTabViewController.swift in Sources */ = {isa = PBXBuildFile; fileRef = 77A4E3DE1E50EDFA00F8AD50 /* MainUserTabViewController.swift */; };
		77B3EBA51E1E59C10090C6F5 /* ContactListViewController.swift in Sources */ = {isa = PBXBuildFile; fileRef = 77B3EBA41E1E59C10090C6F5 /* ContactListViewController.swift */; };
		77B3EBA71E1E61FB0090C6F5 /* ContactViewCell.swift in Sources */ = {isa = PBXBuildFile; fileRef = 77B3EBA61E1E61FB0090C6F5 /* ContactViewCell.swift */; };
		77B63B2C1DE0826400127E96 /* PageContentViewController.swift in Sources */ = {isa = PBXBuildFile; fileRef = 77B63B2B1DE0826400127E96 /* PageContentViewController.swift */; };
		77C887CA1E269606004C61D9 /* Setting.storyboard in Resources */ = {isa = PBXBuildFile; fileRef = 77C887C91E269606004C61D9 /* Setting.storyboard */; };
		77CAC8231E2FBAFD00D5EE11 /* NotificationSettingsViewController.swift in Sources */ = {isa = PBXBuildFile; fileRef = 77CAC8221E2FBAFD00D5EE11 /* NotificationSettingsViewController.swift */; };
		77CAC8251E30BA9600D5EE11 /* NotificationSettings.swift in Sources */ = {isa = PBXBuildFile; fileRef = 77CAC8241E30BA9600D5EE11 /* NotificationSettings.swift */; };
		77CAC8281E30CCE900D5EE11 /* ProfileSettings.swift in Sources */ = {isa = PBXBuildFile; fileRef = 77CAC8271E30CCE900D5EE11 /* ProfileSettings.swift */; };
		77D68F241E224E77002FF652 /* Assets.xcassets in Resources */ = {isa = PBXBuildFile; fileRef = 77D68F231E224E77002FF652 /* Assets.xcassets */; };
		77D68F261E226B1A002FF652 /* SearchBarView.swift in Sources */ = {isa = PBXBuildFile; fileRef = 77D68F251E226B1A002FF652 /* SearchBarView.swift */; };
		77D68F281E22A6C9002FF652 /* DialogViewCell.swift in Sources */ = {isa = PBXBuildFile; fileRef = 77D68F271E22A6C9002FF652 /* DialogViewCell.swift */; };
		77D68F2A1E22B83E002FF652 /* DialogListViewController.swift in Sources */ = {isa = PBXBuildFile; fileRef = 77D68F291E22B83E002FF652 /* DialogListViewController.swift */; };
		77F31F4C1E3C98720090FED7 /* UserNameViewController.swift in Sources */ = {isa = PBXBuildFile; fileRef = 77F31F4B1E3C98720090FED7 /* UserNameViewController.swift */; };
		77F31F4E1E3D10F90090FED7 /* PhoneNumberViewController.swift in Sources */ = {isa = PBXBuildFile; fileRef = 77F31F4D1E3D10F90090FED7 /* PhoneNumberViewController.swift */; };
		77F8F2311E3E6607001065BC /* StatusViewController.swift in Sources */ = {isa = PBXBuildFile; fileRef = 77F8F2301E3E6607001065BC /* StatusViewController.swift */; };
		E1F19E49C8BC6DE8E3E1A989 /* Pods_WaveTalk.framework in Frameworks */ = {isa = PBXBuildFile; fileRef = C7F2C47FD70473EEFCD69DD6 /* Pods_WaveTalk.framework */; };
/* End PBXBuildFile section */

/* Begin PBXFileReference section */
		7705EDC81E21402C008CDF67 /* ContactDetailsViewController.swift */ = {isa = PBXFileReference; fileEncoding = 4; lastKnownFileType = sourcecode.swift; path = ContactDetailsViewController.swift; sourceTree = "<group>"; };
		771E12D11E23A9450084417A /* GoogleService-Info.plist */ = {isa = PBXFileReference; fileEncoding = 4; lastKnownFileType = text.plist.xml; path = "GoogleService-Info.plist"; sourceTree = "<group>"; };
		771E12D91E2502050084417A /* SettingsListViewController.swift */ = {isa = PBXFileReference; fileEncoding = 4; lastKnownFileType = sourcecode.swift; path = SettingsListViewController.swift; sourceTree = "<group>"; };
		771E12DB1E250A7F0084417A /* SettingsViewCell.swift */ = {isa = PBXFileReference; fileEncoding = 4; lastKnownFileType = sourcecode.swift; path = SettingsViewCell.swift; sourceTree = "<group>"; };
		77310E1B1E2FAFCD00F67DDF /* ProfileSettingsViewController.swift */ = {isa = PBXFileReference; fileEncoding = 4; lastKnownFileType = sourcecode.swift; path = ProfileSettingsViewController.swift; sourceTree = "<group>"; };
		774113A31E16AE3700DCAC6D /* ContactData.swift */ = {isa = PBXFileReference; fileEncoding = 4; lastKnownFileType = sourcecode.swift; path = ContactData.swift; sourceTree = "<group>"; };
		77560DEB1E3C8A7700C5BD87 /* Extensions.swift */ = {isa = PBXFileReference; fileEncoding = 4; lastKnownFileType = sourcecode.swift; path = Extensions.swift; sourceTree = "<group>"; };
		775A976D1DD87BB50027C0F5 /* WaveTalk.app */ = {isa = PBXFileReference; explicitFileType = wrapper.application; includeInIndex = 0; path = WaveTalk.app; sourceTree = BUILT_PRODUCTS_DIR; };
		775A97701DD87BB50027C0F5 /* AppDelegate.swift */ = {isa = PBXFileReference; lastKnownFileType = sourcecode.swift; path = AppDelegate.swift; sourceTree = "<group>"; };
		775A97721DD87BB50027C0F5 /* ViewController.swift */ = {isa = PBXFileReference; lastKnownFileType = sourcecode.swift; path = ViewController.swift; sourceTree = "<group>"; };
		775A97751DD87BB50027C0F5 /* Base */ = {isa = PBXFileReference; lastKnownFileType = file.storyboard; name = Base; path = Base.lproj/Main.storyboard; sourceTree = "<group>"; };
		775A977A1DD87BB50027C0F5 /* Base */ = {isa = PBXFileReference; lastKnownFileType = file.storyboard; name = Base; path = Base.lproj/LaunchScreen.storyboard; sourceTree = "<group>"; };
		775A977C1DD87BB50027C0F5 /* Info.plist */ = {isa = PBXFileReference; lastKnownFileType = text.plist.xml; path = Info.plist; sourceTree = "<group>"; };
		7763E5261E34E7DF00F36193 /* SaveSettingsProtocol.swift */ = {isa = PBXFileReference; fileEncoding = 4; lastKnownFileType = sourcecode.swift; path = SaveSettingsProtocol.swift; sourceTree = "<group>"; };
		776F91B31DFD69A800B6AB1D /* en */ = {isa = PBXFileReference; lastKnownFileType = text.plist.strings; name = en; path = en.lproj/Main.strings; sourceTree = "<group>"; };
		7774E2651E29085B00E0C1BA /* ChattingViewController.swift */ = {isa = PBXFileReference; fileEncoding = 4; lastKnownFileType = sourcecode.swift; path = ChattingViewController.swift; sourceTree = "<group>"; };
		777E62451DE1A0B200840242 /* LoginViewController.swift */ = {isa = PBXFileReference; fileEncoding = 4; lastKnownFileType = sourcecode.swift; path = LoginViewController.swift; sourceTree = "<group>"; };
		777E62471DE1D13900840242 /* RegistrationViewController.swift */ = {isa = PBXFileReference; fileEncoding = 4; lastKnownFileType = sourcecode.swift; path = RegistrationViewController.swift; sourceTree = "<group>"; };
		777E62491DE1DE6B00840242 /* ForgotPswdViewController.swift */ = {isa = PBXFileReference; fileEncoding = 4; lastKnownFileType = sourcecode.swift; path = ForgotPswdViewController.swift; sourceTree = "<group>"; };
		77A4E3DC1E508DF900F8AD50 /* AddContactViewController.swift */ = {isa = PBXFileReference; fileEncoding = 4; lastKnownFileType = sourcecode.swift; path = AddContactViewController.swift; sourceTree = "<group>"; };
		77A4E3DE1E50EDFA00F8AD50 /* MainUserTabViewController.swift */ = {isa = PBXFileReference; fileEncoding = 4; lastKnownFileType = sourcecode.swift; path = MainUserTabViewController.swift; sourceTree = "<group>"; };
		77B3EBA41E1E59C10090C6F5 /* ContactListViewController.swift */ = {isa = PBXFileReference; fileEncoding = 4; lastKnownFileType = sourcecode.swift; path = ContactListViewController.swift; sourceTree = "<group>"; };
		77B3EBA61E1E61FB0090C6F5 /* ContactViewCell.swift */ = {isa = PBXFileReference; fileEncoding = 4; lastKnownFileType = sourcecode.swift; path = ContactViewCell.swift; sourceTree = "<group>"; };
		77B63B2B1DE0826400127E96 /* PageContentViewController.swift */ = {isa = PBXFileReference; fileEncoding = 4; lastKnownFileType = sourcecode.swift; path = PageContentViewController.swift; sourceTree = "<group>"; };
		77C887C91E269606004C61D9 /* Setting.storyboard */ = {isa = PBXFileReference; fileEncoding = 4; lastKnownFileType = file.storyboard; path = Setting.storyboard; sourceTree = "<group>"; };
		77CAC8221E2FBAFD00D5EE11 /* NotificationSettingsViewController.swift */ = {isa = PBXFileReference; fileEncoding = 4; lastKnownFileType = sourcecode.swift; path = NotificationSettingsViewController.swift; sourceTree = "<group>"; };
		77CAC8241E30BA9600D5EE11 /* NotificationSettings.swift */ = {isa = PBXFileReference; fileEncoding = 4; lastKnownFileType = sourcecode.swift; path = NotificationSettings.swift; sourceTree = "<group>"; };
		77CAC8271E30CCE900D5EE11 /* ProfileSettings.swift */ = {isa = PBXFileReference; fileEncoding = 4; lastKnownFileType = sourcecode.swift; path = ProfileSettings.swift; sourceTree = "<group>"; };
		77D68F231E224E77002FF652 /* Assets.xcassets */ = {isa = PBXFileReference; lastKnownFileType = folder.assetcatalog; path = Assets.xcassets; sourceTree = "<group>"; };
		77D68F251E226B1A002FF652 /* SearchBarView.swift */ = {isa = PBXFileReference; fileEncoding = 4; lastKnownFileType = sourcecode.swift; path = SearchBarView.swift; sourceTree = "<group>"; };
		77D68F271E22A6C9002FF652 /* DialogViewCell.swift */ = {isa = PBXFileReference; fileEncoding = 4; lastKnownFileType = sourcecode.swift; path = DialogViewCell.swift; sourceTree = "<group>"; };
		77D68F291E22B83E002FF652 /* DialogListViewController.swift */ = {isa = PBXFileReference; fileEncoding = 4; lastKnownFileType = sourcecode.swift; path = DialogListViewController.swift; sourceTree = "<group>"; };
		77F31F4B1E3C98720090FED7 /* UserNameViewController.swift */ = {isa = PBXFileReference; fileEncoding = 4; lastKnownFileType = sourcecode.swift; path = UserNameViewController.swift; sourceTree = "<group>"; };
		77F31F4D1E3D10F90090FED7 /* PhoneNumberViewController.swift */ = {isa = PBXFileReference; fileEncoding = 4; lastKnownFileType = sourcecode.swift; path = PhoneNumberViewController.swift; sourceTree = "<group>"; };
		77F8F2301E3E6607001065BC /* StatusViewController.swift */ = {isa = PBXFileReference; fileEncoding = 4; lastKnownFileType = sourcecode.swift; path = StatusViewController.swift; sourceTree = "<group>"; };
		78B7104A990097914FDF0D3C /* Pods-WaveTalk.debug.xcconfig */ = {isa = PBXFileReference; includeInIndex = 1; lastKnownFileType = text.xcconfig; name = "Pods-WaveTalk.debug.xcconfig"; path = "Pods/Target Support Files/Pods-WaveTalk/Pods-WaveTalk.debug.xcconfig"; sourceTree = "<group>"; };
		C7F2C47FD70473EEFCD69DD6 /* Pods_WaveTalk.framework */ = {isa = PBXFileReference; explicitFileType = wrapper.framework; includeInIndex = 0; path = Pods_WaveTalk.framework; sourceTree = BUILT_PRODUCTS_DIR; };
		E927018FDA4701A2DA7D6628 /* Pods-WaveTalk.release.xcconfig */ = {isa = PBXFileReference; includeInIndex = 1; lastKnownFileType = text.xcconfig; name = "Pods-WaveTalk.release.xcconfig"; path = "Pods/Target Support Files/Pods-WaveTalk/Pods-WaveTalk.release.xcconfig"; sourceTree = "<group>"; };
/* End PBXFileReference section */

/* Begin PBXFrameworksBuildPhase section */
		775A976A1DD87BB40027C0F5 /* Frameworks */ = {
			isa = PBXFrameworksBuildPhase;
			buildActionMask = 2147483647;
			files = (
				E1F19E49C8BC6DE8E3E1A989 /* Pods_WaveTalk.framework in Frameworks */,
			);
			runOnlyForDeploymentPostprocessing = 0;
		};
/* End PBXFrameworksBuildPhase section */

/* Begin PBXGroup section */
		406695A505591B055634ABF9 /* Frameworks */ = {
			isa = PBXGroup;
			children = (
				C7F2C47FD70473EEFCD69DD6 /* Pods_WaveTalk.framework */,
			);
			name = Frameworks;
			sourceTree = "<group>";
		};
		77310E1A1E2FAF8500F67DDF /* SettingViews */ = {
			isa = PBXGroup;
			children = (
				77CAC8221E2FBAFD00D5EE11 /* NotificationSettingsViewController.swift */,
				7763E5261E34E7DF00F36193 /* SaveSettingsProtocol.swift */,
				771E12D91E2502050084417A /* SettingsListViewController.swift */,
				77310E1B1E2FAFCD00F67DDF /* ProfileSettingsViewController.swift */,
				77F31F4B1E3C98720090FED7 /* UserNameViewController.swift */,
				77560DEB1E3C8A7700C5BD87 /* Extensions.swift */,
				77F31F4D1E3D10F90090FED7 /* PhoneNumberViewController.swift */,
				77F8F2301E3E6607001065BC /* StatusViewController.swift */,
				77CAC8261E30CCB900D5EE11 /* Settings */,
			);
			name = SettingViews;
			sourceTree = "<group>";
		};
		775A97641DD87BB40027C0F5 = {
			isa = PBXGroup;
			children = (
				775A976F1DD87BB50027C0F5 /* WaveTalk */,
				775A976E1DD87BB50027C0F5 /* Products */,
				A720C2EF894AF642BDD14ECF /* Pods */,
				406695A505591B055634ABF9 /* Frameworks */,
			);
			sourceTree = "<group>";
		};
		775A976E1DD87BB50027C0F5 /* Products */ = {
			isa = PBXGroup;
			children = (
				775A976D1DD87BB50027C0F5 /* WaveTalk.app */,
			);
			name = Products;
			sourceTree = "<group>";
		};
		775A976F1DD87BB50027C0F5 /* WaveTalk */ = {
			isa = PBXGroup;
			children = (
				775A97701DD87BB50027C0F5 /* AppDelegate.swift */,
				77D68F2C1E22BB58002FF652 /* Start/Login */,
				7774E2681E29099900E0C1BA /* Storyboards */,
				7774E2671E29098600E0C1BA /* Chatting */,
				77D68F2D1E22BB98002FF652 /* Cells */,
				77D68F2B1E22BB22002FF652 /* Contacts */,
				77B63B2B1DE0826400127E96 /* PageContentViewController.swift */,
				77A4E3DE1E50EDFA00F8AD50 /* MainUserTabViewController.swift */,
				77310E1A1E2FAF8500F67DDF /* SettingViews */,
				775A97791DD87BB50027C0F5 /* LaunchScreen.storyboard */,
				77D68F231E224E77002FF652 /* Assets.xcassets */,
				771E12D11E23A9450084417A /* GoogleService-Info.plist */,
				775A977C1DD87BB50027C0F5 /* Info.plist */,
			);
			path = WaveTalk;
			sourceTree = "<group>";
		};
		7774E2671E29098600E0C1BA /* Chatting */ = {
			isa = PBXGroup;
			children = (
				7774E2651E29085B00E0C1BA /* ChattingViewController.swift */,
				77D68F291E22B83E002FF652 /* DialogListViewController.swift */,
			);
			name = Chatting;
			sourceTree = "<group>";
		};
		7774E2681E29099900E0C1BA /* Storyboards */ = {
			isa = PBXGroup;
			children = (
				775A97741DD87BB50027C0F5 /* Main.storyboard */,
				77C887C91E269606004C61D9 /* Setting.storyboard */,
			);
			name = Storyboards;
			sourceTree = "<group>";
		};
		77CAC8261E30CCB900D5EE11 /* Settings */ = {
			isa = PBXGroup;
			children = (
				77CAC8241E30BA9600D5EE11 /* NotificationSettings.swift */,
				77CAC8271E30CCE900D5EE11 /* ProfileSettings.swift */,
			);
			name = Settings;
			sourceTree = "<group>";
		};
		77D68F2B1E22BB22002FF652 /* Contacts */ = {
			isa = PBXGroup;
			children = (
				77A4E3DC1E508DF900F8AD50 /* AddContactViewController.swift */,
				77D68F251E226B1A002FF652 /* SearchBarView.swift */,
				7705EDC81E21402C008CDF67 /* ContactDetailsViewController.swift */,
				77B3EBA41E1E59C10090C6F5 /* ContactListViewController.swift */,
				774113A31E16AE3700DCAC6D /* ContactData.swift */,
			);
			name = Contacts;
			sourceTree = "<group>";
		};
		77D68F2C1E22BB58002FF652 /* Start/Login */ = {
			isa = PBXGroup;
			children = (
				775A97721DD87BB50027C0F5 /* ViewController.swift */,
				777E62491DE1DE6B00840242 /* ForgotPswdViewController.swift */,
				777E62471DE1D13900840242 /* RegistrationViewController.swift */,
				777E62451DE1A0B200840242 /* LoginViewController.swift */,
			);
			name = Start/Login;
			sourceTree = "<group>";
		};
		77D68F2D1E22BB98002FF652 /* Cells */ = {
			isa = PBXGroup;
			children = (
				771E12DB1E250A7F0084417A /* SettingsViewCell.swift */,
				77B3EBA61E1E61FB0090C6F5 /* ContactViewCell.swift */,
				77D68F271E22A6C9002FF652 /* DialogViewCell.swift */,
			);
			name = Cells;
			sourceTree = "<group>";
		};
		A720C2EF894AF642BDD14ECF /* Pods */ = {
			isa = PBXGroup;
			children = (
				78B7104A990097914FDF0D3C /* Pods-WaveTalk.debug.xcconfig */,
				E927018FDA4701A2DA7D6628 /* Pods-WaveTalk.release.xcconfig */,
			);
			name = Pods;
			sourceTree = "<group>";
		};
/* End PBXGroup section */

/* Begin PBXNativeTarget section */
		775A976C1DD87BB40027C0F5 /* WaveTalk */ = {
			isa = PBXNativeTarget;
			buildConfigurationList = 775A977F1DD87BB50027C0F5 /* Build configuration list for PBXNativeTarget "WaveTalk" */;
			buildPhases = (
				56C3244CAF81CB1745CC6D59 /* [CP] Check Pods Manifest.lock */,
				775A97691DD87BB40027C0F5 /* Sources */,
				775A976A1DD87BB40027C0F5 /* Frameworks */,
				775A976B1DD87BB40027C0F5 /* Resources */,
				ED5A083E676841072D06974F /* [CP] Embed Pods Frameworks */,
				EC20AF59AC393E38F4F5A107 /* [CP] Copy Pods Resources */,
			);
			buildRules = (
			);
			dependencies = (
			);
			name = WaveTalk;
			productName = WaveTalk;
			productReference = 775A976D1DD87BB50027C0F5 /* WaveTalk.app */;
			productType = "com.apple.product-type.application";
		};
/* End PBXNativeTarget section */

/* Begin PBXProject section */
		775A97651DD87BB40027C0F5 /* Project object */ = {
			isa = PBXProject;
			attributes = {
				LastSwiftUpdateCheck = 0810;
				LastUpgradeCheck = 0820;
				ORGANIZATIONNAME = "Anton Makarov";
				TargetAttributes = {
					775A976C1DD87BB40027C0F5 = {
						CreatedOnToolsVersion = 8.1;
						ProvisioningStyle = Automatic;
					};
				};
			};
			buildConfigurationList = 775A97681DD87BB40027C0F5 /* Build configuration list for PBXProject "WaveTalk" */;
			compatibilityVersion = "Xcode 3.2";
			developmentRegion = English;
			hasScannedForEncodings = 0;
			knownRegions = (
				en,
				Base,
			);
			mainGroup = 775A97641DD87BB40027C0F5;
			productRefGroup = 775A976E1DD87BB50027C0F5 /* Products */;
			projectDirPath = "";
			projectRoot = "";
			targets = (
				775A976C1DD87BB40027C0F5 /* WaveTalk */,
			);
		};
/* End PBXProject section */

/* Begin PBXResourcesBuildPhase section */
		775A976B1DD87BB40027C0F5 /* Resources */ = {
			isa = PBXResourcesBuildPhase;
			buildActionMask = 2147483647;
			files = (
				775A977B1DD87BB50027C0F5 /* LaunchScreen.storyboard in Resources */,
				77C887CA1E269606004C61D9 /* Setting.storyboard in Resources */,
				771E12D21E23A9450084417A /* GoogleService-Info.plist in Resources */,
				77D68F241E224E77002FF652 /* Assets.xcassets in Resources */,
				775A97761DD87BB50027C0F5 /* Main.storyboard in Resources */,
			);
			runOnlyForDeploymentPostprocessing = 0;
		};
/* End PBXResourcesBuildPhase section */

/* Begin PBXShellScriptBuildPhase section */
		56C3244CAF81CB1745CC6D59 /* [CP] Check Pods Manifest.lock */ = {
			isa = PBXShellScriptBuildPhase;
			buildActionMask = 2147483647;
			files = (
			);
			inputPaths = (
			);
			name = "[CP] Check Pods Manifest.lock";
			outputPaths = (
			);
			runOnlyForDeploymentPostprocessing = 0;
			shellPath = /bin/sh;
			shellScript = "diff \"${PODS_ROOT}/../Podfile.lock\" \"${PODS_ROOT}/Manifest.lock\" > /dev/null\nif [ $? != 0 ] ; then\n    # print error to STDERR\n    echo \"error: The sandbox is not in sync with the Podfile.lock. Run 'pod install' or update your CocoaPods installation.\" >&2\n    exit 1\nfi\n";
			showEnvVarsInLog = 0;
		};
		EC20AF59AC393E38F4F5A107 /* [CP] Copy Pods Resources */ = {
			isa = PBXShellScriptBuildPhase;
			buildActionMask = 2147483647;
			files = (
			);
			inputPaths = (
			);
			name = "[CP] Copy Pods Resources";
			outputPaths = (
			);
			runOnlyForDeploymentPostprocessing = 0;
			shellPath = /bin/sh;
			shellScript = "\"${SRCROOT}/Pods/Target Support Files/Pods-WaveTalk/Pods-WaveTalk-resources.sh\"\n";
			showEnvVarsInLog = 0;
		};
		ED5A083E676841072D06974F /* [CP] Embed Pods Frameworks */ = {
			isa = PBXShellScriptBuildPhase;
			buildActionMask = 2147483647;
			files = (
			);
			inputPaths = (
			);
			name = "[CP] Embed Pods Frameworks";
			outputPaths = (
			);
			runOnlyForDeploymentPostprocessing = 0;
			shellPath = /bin/sh;
			shellScript = "\"${SRCROOT}/Pods/Target Support Files/Pods-WaveTalk/Pods-WaveTalk-frameworks.sh\"\n";
			showEnvVarsInLog = 0;
		};
/* End PBXShellScriptBuildPhase section */

/* Begin PBXSourcesBuildPhase section */
		775A97691DD87BB40027C0F5 /* Sources */ = {
			isa = PBXSourcesBuildPhase;
			buildActionMask = 2147483647;
			files = (
				777E62461DE1A0B200840242 /* LoginViewController.swift in Sources */,
				77B3EBA51E1E59C10090C6F5 /* ContactListViewController.swift in Sources */,
				7763E5271E34E7DF00F36193 /* SaveSettingsProtocol.swift in Sources */,
				771E12DA1E2502050084417A /* SettingsListViewController.swift in Sources */,
				777E624A1DE1DE6B00840242 /* ForgotPswdViewController.swift in Sources */,
				77B63B2C1DE0826400127E96 /* PageContentViewController.swift in Sources */,
				7705EDC91E21402C008CDF67 /* ContactDetailsViewController.swift in Sources */,
				774113A41E16AE3700DCAC6D /* ContactData.swift in Sources */,
				77310E1C1E2FAFCD00F67DDF /* ProfileSettingsViewController.swift in Sources */,
				77F8F2311E3E6607001065BC /* StatusViewController.swift in Sources */,
				77560DEC1E3C8A7700C5BD87 /* Extensions.swift in Sources */,
				77CAC8231E2FBAFD00D5EE11 /* NotificationSettingsViewController.swift in Sources */,
				77D68F281E22A6C9002FF652 /* DialogViewCell.swift in Sources */,
				7774E2661E29085B00E0C1BA /* ChattingViewController.swift in Sources */,
				77B3EBA71E1E61FB0090C6F5 /* ContactViewCell.swift in Sources */,
				77D68F2A1E22B83E002FF652 /* DialogListViewController.swift in Sources */,
				77D68F261E226B1A002FF652 /* SearchBarView.swift in Sources */,
				775A97731DD87BB50027C0F5 /* ViewController.swift in Sources */,
				771E12DC1E250A7F0084417A /* SettingsViewCell.swift in Sources */,
				775A97711DD87BB50027C0F5 /* AppDelegate.swift in Sources */,
				77F31F4C1E3C98720090FED7 /* UserNameViewController.swift in Sources */,
				77F31F4E1E3D10F90090FED7 /* PhoneNumberViewController.swift in Sources */,
				777E62481DE1D13900840242 /* RegistrationViewController.swift in Sources */,
				77A4E3DD1E508DF900F8AD50 /* AddContactViewController.swift in Sources */,
				77CAC8281E30CCE900D5EE11 /* ProfileSettings.swift in Sources */,
				77A4E3DF1E50EDFA00F8AD50 /* MainUserTabViewController.swift in Sources */,
				77CAC8251E30BA9600D5EE11 /* NotificationSettings.swift in Sources */,
			);
			runOnlyForDeploymentPostprocessing = 0;
		};
/* End PBXSourcesBuildPhase section */

/* Begin PBXVariantGroup section */
		775A97741DD87BB50027C0F5 /* Main.storyboard */ = {
			isa = PBXVariantGroup;
			children = (
				775A97751DD87BB50027C0F5 /* Base */,
				776F91B31DFD69A800B6AB1D /* en */,
			);
			name = Main.storyboard;
			sourceTree = "<group>";
		};
		775A97791DD87BB50027C0F5 /* LaunchScreen.storyboard */ = {
			isa = PBXVariantGroup;
			children = (
				775A977A1DD87BB50027C0F5 /* Base */,
			);
			name = LaunchScreen.storyboard;
			sourceTree = "<group>";
		};
/* End PBXVariantGroup section */

/* Begin XCBuildConfiguration section */
		775A977D1DD87BB50027C0F5 /* Debug */ = {
			isa = XCBuildConfiguration;
			buildSettings = {
				ALWAYS_SEARCH_USER_PATHS = NO;
				CLANG_ANALYZER_NONNULL = YES;
				CLANG_CXX_LANGUAGE_STANDARD = "gnu++0x";
				CLANG_CXX_LIBRARY = "libc++";
				CLANG_ENABLE_MODULES = YES;
				CLANG_ENABLE_OBJC_ARC = YES;
				CLANG_WARN_BOOL_CONVERSION = YES;
				CLANG_WARN_CONSTANT_CONVERSION = YES;
				CLANG_WARN_DIRECT_OBJC_ISA_USAGE = YES_ERROR;
				CLANG_WARN_DOCUMENTATION_COMMENTS = YES;
				CLANG_WARN_EMPTY_BODY = YES;
				CLANG_WARN_ENUM_CONVERSION = YES;
				CLANG_WARN_INFINITE_RECURSION = YES;
				CLANG_WARN_INT_CONVERSION = YES;
				CLANG_WARN_OBJC_ROOT_CLASS = YES_ERROR;
				CLANG_WARN_SUSPICIOUS_MOVE = YES;
				CLANG_WARN_SUSPICIOUS_MOVES = YES;
				CLANG_WARN_UNREACHABLE_CODE = YES;
				CLANG_WARN__DUPLICATE_METHOD_MATCH = YES;
				"CODE_SIGN_IDENTITY[sdk=iphoneos*]" = "iPhone Developer";
				COPY_PHASE_STRIP = NO;
				DEBUG_INFORMATION_FORMAT = dwarf;
				ENABLE_STRICT_OBJC_MSGSEND = YES;
				ENABLE_TESTABILITY = YES;
				GCC_C_LANGUAGE_STANDARD = gnu99;
				GCC_DYNAMIC_NO_PIC = NO;
				GCC_NO_COMMON_BLOCKS = YES;
				GCC_OPTIMIZATION_LEVEL = 0;
				GCC_PREPROCESSOR_DEFINITIONS = (
					"DEBUG=1",
					"$(inherited)",
				);
				GCC_WARN_64_TO_32_BIT_CONVERSION = YES;
				GCC_WARN_ABOUT_RETURN_TYPE = YES_ERROR;
				GCC_WARN_UNDECLARED_SELECTOR = YES;
				GCC_WARN_UNINITIALIZED_AUTOS = YES_AGGRESSIVE;
				GCC_WARN_UNUSED_FUNCTION = YES;
				GCC_WARN_UNUSED_VARIABLE = YES;
				IPHONEOS_DEPLOYMENT_TARGET = 10.1;
				MTL_ENABLE_DEBUG_INFO = YES;
				ONLY_ACTIVE_ARCH = YES;
				SDKROOT = iphoneos;
				SWIFT_ACTIVE_COMPILATION_CONDITIONS = DEBUG;
				SWIFT_OPTIMIZATION_LEVEL = "-Onone";
			};
			name = Debug;
		};
		775A977E1DD87BB50027C0F5 /* Release */ = {
			isa = XCBuildConfiguration;
			buildSettings = {
				ALWAYS_SEARCH_USER_PATHS = NO;
				CLANG_ANALYZER_NONNULL = YES;
				CLANG_CXX_LANGUAGE_STANDARD = "gnu++0x";
				CLANG_CXX_LIBRARY = "libc++";
				CLANG_ENABLE_MODULES = YES;
				CLANG_ENABLE_OBJC_ARC = YES;
				CLANG_WARN_BOOL_CONVERSION = YES;
				CLANG_WARN_CONSTANT_CONVERSION = YES;
				CLANG_WARN_DIRECT_OBJC_ISA_USAGE = YES_ERROR;
				CLANG_WARN_DOCUMENTATION_COMMENTS = YES;
				CLANG_WARN_EMPTY_BODY = YES;
				CLANG_WARN_ENUM_CONVERSION = YES;
				CLANG_WARN_INFINITE_RECURSION = YES;
				CLANG_WARN_INT_CONVERSION = YES;
				CLANG_WARN_OBJC_ROOT_CLASS = YES_ERROR;
				CLANG_WARN_SUSPICIOUS_MOVE = YES;
				CLANG_WARN_SUSPICIOUS_MOVES = YES;
				CLANG_WARN_UNREACHABLE_CODE = YES;
				CLANG_WARN__DUPLICATE_METHOD_MATCH = YES;
				"CODE_SIGN_IDENTITY[sdk=iphoneos*]" = "iPhone Developer";
				COPY_PHASE_STRIP = NO;
				DEBUG_INFORMATION_FORMAT = "dwarf-with-dsym";
				ENABLE_NS_ASSERTIONS = NO;
				ENABLE_STRICT_OBJC_MSGSEND = YES;
				GCC_C_LANGUAGE_STANDARD = gnu99;
				GCC_NO_COMMON_BLOCKS = YES;
				GCC_WARN_64_TO_32_BIT_CONVERSION = YES;
				GCC_WARN_ABOUT_RETURN_TYPE = YES_ERROR;
				GCC_WARN_UNDECLARED_SELECTOR = YES;
				GCC_WARN_UNINITIALIZED_AUTOS = YES_AGGRESSIVE;
				GCC_WARN_UNUSED_FUNCTION = YES;
				GCC_WARN_UNUSED_VARIABLE = YES;
				IPHONEOS_DEPLOYMENT_TARGET = 10.1;
				MTL_ENABLE_DEBUG_INFO = NO;
				SDKROOT = iphoneos;
				SWIFT_OPTIMIZATION_LEVEL = "-Owholemodule";
				VALIDATE_PRODUCT = YES;
			};
			name = Release;
		};
		775A97801DD87BB50027C0F5 /* Debug */ = {
			isa = XCBuildConfiguration;
			baseConfigurationReference = 78B7104A990097914FDF0D3C /* Pods-WaveTalk.debug.xcconfig */;
			buildSettings = {
				ASSETCATALOG_COMPILER_APPICON_NAME = AppIcon;
				INFOPLIST_FILE = WaveTalk/Info.plist;
				LD_RUNPATH_SEARCH_PATHS = "$(inherited) @executable_path/Frameworks";
				PRODUCT_BUNDLE_IDENTIFIER = ITMak.WaveTalk;
				PRODUCT_NAME = "$(TARGET_NAME)";
				SWIFT_VERSION = 3.0;
			};
			name = Debug;
		};
		775A97811DD87BB50027C0F5 /* Release */ = {
			isa = XCBuildConfiguration;
			baseConfigurationReference = E927018FDA4701A2DA7D6628 /* Pods-WaveTalk.release.xcconfig */;
			buildSettings = {
				ASSETCATALOG_COMPILER_APPICON_NAME = AppIcon;
				INFOPLIST_FILE = WaveTalk/Info.plist;
				LD_RUNPATH_SEARCH_PATHS = "$(inherited) @executable_path/Frameworks";
				PRODUCT_BUNDLE_IDENTIFIER = ITMak.WaveTalk;
				PRODUCT_NAME = "$(TARGET_NAME)";
				SWIFT_VERSION = 3.0;
			};
			name = Release;
		};
/* End XCBuildConfiguration section */

/* Begin XCConfigurationList section */
		775A97681DD87BB40027C0F5 /* Build configuration list for PBXProject "WaveTalk" */ = {
			isa = XCConfigurationList;
			buildConfigurations = (
				775A977D1DD87BB50027C0F5 /* Debug */,
				775A977E1DD87BB50027C0F5 /* Release */,
			);
			defaultConfigurationIsVisible = 0;
			defaultConfigurationName = Release;
		};
		775A977F1DD87BB50027C0F5 /* Build configuration list for PBXNativeTarget "WaveTalk" */ = {
			isa = XCConfigurationList;
			buildConfigurations = (
				775A97801DD87BB50027C0F5 /* Debug */,
				775A97811DD87BB50027C0F5 /* Release */,
			);
			defaultConfigurationIsVisible = 0;
			defaultConfigurationName = Release;
		};
/* End XCConfigurationList section */
	};
	rootObject = 775A97651DD87BB40027C0F5 /* Project object */;
}
